// !$*UTF8*$!
{
	archiveVersion = 1;
	classes = {
	};
	objectVersion = 55;
	objects = {

/* Begin PBXBuildFile section */
		81320333277B0DE10064B8BE /* METARService.swift in Sources */ = {isa = PBXBuildFile; fileRef = 81320332277B0DE10064B8BE /* METARService.swift */; };
		81320334277B0DE10064B8BE /* METARService.swift in Sources */ = {isa = PBXBuildFile; fileRef = 81320332277B0DE10064B8BE /* METARService.swift */; };
		81320336277B1A6D0064B8BE /* METARWeather.swift in Sources */ = {isa = PBXBuildFile; fileRef = 813DCAAE277847E900468623 /* METARWeather.swift */; };
		81320337277B1A730064B8BE /* METARService.swift in Sources */ = {isa = PBXBuildFile; fileRef = 81320332277B0DE10064B8BE /* METARService.swift */; };
		81320338277B1A7A0064B8BE /* ConfigReader.swift in Sources */ = {isa = PBXBuildFile; fileRef = 813DCAB627784BA600468623 /* ConfigReader.swift */; };
		81320339277B1A810064B8BE /* NetworkingLayer.swift in Sources */ = {isa = PBXBuildFile; fileRef = 813DCAB227784B3A00468623 /* NetworkingLayer.swift */; };
		8132033A277B1A850064B8BE /* NetworkRequest.swift in Sources */ = {isa = PBXBuildFile; fileRef = 813DCABD277AF84A00468623 /* NetworkRequest.swift */; };
		8132033B277B1A8B0064B8BE /* Encodable+.swift in Sources */ = {isa = PBXBuildFile; fileRef = 813DCABA277AF81900468623 /* Encodable+.swift */; };
		813DCA8227783ECD00468623 /* AtisApp.swift in Sources */ = {isa = PBXBuildFile; fileRef = 813DCA7227783ECC00468623 /* AtisApp.swift */; };
		813DCA8327783ECD00468623 /* AtisApp.swift in Sources */ = {isa = PBXBuildFile; fileRef = 813DCA7227783ECC00468623 /* AtisApp.swift */; };
		813DCA8427783ECD00468623 /* ContentView.swift in Sources */ = {isa = PBXBuildFile; fileRef = 813DCA7327783ECC00468623 /* ContentView.swift */; };
		813DCA8527783ECD00468623 /* ContentView.swift in Sources */ = {isa = PBXBuildFile; fileRef = 813DCA7327783ECC00468623 /* ContentView.swift */; };
		813DCA8627783ECD00468623 /* Assets.xcassets in Resources */ = {isa = PBXBuildFile; fileRef = 813DCA7427783ECD00468623 /* Assets.xcassets */; };
		813DCA8727783ECD00468623 /* Assets.xcassets in Resources */ = {isa = PBXBuildFile; fileRef = 813DCA7427783ECD00468623 /* Assets.xcassets */; };
		813DCA9727783F1500468623 /* WidgetKit.framework in Frameworks */ = {isa = PBXBuildFile; fileRef = 813DCA9627783F1500468623 /* WidgetKit.framework */; platformFilter = maccatalyst; };
		813DCA9927783F1500468623 /* SwiftUI.framework in Frameworks */ = {isa = PBXBuildFile; fileRef = 813DCA9827783F1500468623 /* SwiftUI.framework */; platformFilter = maccatalyst; };
		813DCA9C27783F1500468623 /* AtisWidget.swift in Sources */ = {isa = PBXBuildFile; fileRef = 813DCA9B27783F1500468623 /* AtisWidget.swift */; };
		813DCA9F27783F1600468623 /* Assets.xcassets in Resources */ = {isa = PBXBuildFile; fileRef = 813DCA9E27783F1600468623 /* Assets.xcassets */; };
		813DCAA127783F1600468623 /* AtisWidget.intentdefinition in Sources */ = {isa = PBXBuildFile; fileRef = 813DCA9D27783F1500468623 /* AtisWidget.intentdefinition */; };
		813DCAA227783F1600468623 /* AtisWidget.intentdefinition in Sources */ = {isa = PBXBuildFile; fileRef = 813DCA9D27783F1500468623 /* AtisWidget.intentdefinition */; };
		813DCAA527783F1600468623 /* AtisWidgetExtension.appex in Embed App Extensions */ = {isa = PBXBuildFile; fileRef = 813DCA9427783F1500468623 /* AtisWidgetExtension.appex */; settings = {ATTRIBUTES = (RemoveHeadersOnCopy, ); }; };
		813DCAAB2778468400468623 /* Config.plist in Resources */ = {isa = PBXBuildFile; fileRef = 813DCAAA2778468400468623 /* Config.plist */; };
		813DCAAC2778468400468623 /* Config.plist in Resources */ = {isa = PBXBuildFile; fileRef = 813DCAAA2778468400468623 /* Config.plist */; };
		813DCAAF277847E900468623 /* METARWeather.swift in Sources */ = {isa = PBXBuildFile; fileRef = 813DCAAE277847E900468623 /* METARWeather.swift */; };
		813DCAB0277847E900468623 /* METARWeather.swift in Sources */ = {isa = PBXBuildFile; fileRef = 813DCAAE277847E900468623 /* METARWeather.swift */; };
		813DCAB327784B3A00468623 /* NetworkingLayer.swift in Sources */ = {isa = PBXBuildFile; fileRef = 813DCAB227784B3A00468623 /* NetworkingLayer.swift */; };
		813DCAB427784B3A00468623 /* NetworkingLayer.swift in Sources */ = {isa = PBXBuildFile; fileRef = 813DCAB227784B3A00468623 /* NetworkingLayer.swift */; };
		813DCAB727784BA600468623 /* ConfigReader.swift in Sources */ = {isa = PBXBuildFile; fileRef = 813DCAB627784BA600468623 /* ConfigReader.swift */; };
		813DCAB827784BA600468623 /* ConfigReader.swift in Sources */ = {isa = PBXBuildFile; fileRef = 813DCAB627784BA600468623 /* ConfigReader.swift */; };
		813DCABB277AF81900468623 /* Encodable+.swift in Sources */ = {isa = PBXBuildFile; fileRef = 813DCABA277AF81900468623 /* Encodable+.swift */; };
		813DCABC277AF83D00468623 /* Encodable+.swift in Sources */ = {isa = PBXBuildFile; fileRef = 813DCABA277AF81900468623 /* Encodable+.swift */; };
		813DCABE277AF84A00468623 /* NetworkRequest.swift in Sources */ = {isa = PBXBuildFile; fileRef = 813DCABD277AF84A00468623 /* NetworkRequest.swift */; };
		813DCABF277AF86900468623 /* NetworkRequest.swift in Sources */ = {isa = PBXBuildFile; fileRef = 813DCABD277AF84A00468623 /* NetworkRequest.swift */; };
/* End PBXBuildFile section */

/* Begin PBXContainerItemProxy section */
		813DCAA327783F1600468623 /* PBXContainerItemProxy */ = {
			isa = PBXContainerItemProxy;
			containerPortal = 813DCA6D27783ECC00468623 /* Project object */;
			proxyType = 1;
			remoteGlobalIDString = 813DCA9327783F1500468623;
			remoteInfo = AtisWidgetExtension;
		};
/* End PBXContainerItemProxy section */

/* Begin PBXCopyFilesBuildPhase section */
		813DCAA927783F1600468623 /* Embed App Extensions */ = {
			isa = PBXCopyFilesBuildPhase;
			buildActionMask = 2147483647;
			dstPath = "";
			dstSubfolderSpec = 13;
			files = (
				813DCAA527783F1600468623 /* AtisWidgetExtension.appex in Embed App Extensions */,
			);
			name = "Embed App Extensions";
			runOnlyForDeploymentPostprocessing = 0;
		};
/* End PBXCopyFilesBuildPhase section */

/* Begin PBXFileReference section */
		81320332277B0DE10064B8BE /* METARService.swift */ = {isa = PBXFileReference; lastKnownFileType = sourcecode.swift; path = METARService.swift; sourceTree = "<group>"; };
		813DCA7227783ECC00468623 /* AtisApp.swift */ = {isa = PBXFileReference; lastKnownFileType = sourcecode.swift; path = AtisApp.swift; sourceTree = "<group>"; };
		813DCA7327783ECC00468623 /* ContentView.swift */ = {isa = PBXFileReference; lastKnownFileType = sourcecode.swift; path = ContentView.swift; sourceTree = "<group>"; };
		813DCA7427783ECD00468623 /* Assets.xcassets */ = {isa = PBXFileReference; lastKnownFileType = folder.assetcatalog; path = Assets.xcassets; sourceTree = "<group>"; };
		813DCA7927783ECD00468623 /* Atis.app */ = {isa = PBXFileReference; explicitFileType = wrapper.application; includeInIndex = 0; path = Atis.app; sourceTree = BUILT_PRODUCTS_DIR; };
		813DCA7F27783ECD00468623 /* Atis.app */ = {isa = PBXFileReference; explicitFileType = wrapper.application; includeInIndex = 0; path = Atis.app; sourceTree = BUILT_PRODUCTS_DIR; };
		813DCA8127783ECD00468623 /* macOS.entitlements */ = {isa = PBXFileReference; lastKnownFileType = text.plist.entitlements; path = macOS.entitlements; sourceTree = "<group>"; };
		813DCA9427783F1500468623 /* AtisWidgetExtension.appex */ = {isa = PBXFileReference; explicitFileType = "wrapper.app-extension"; includeInIndex = 0; path = AtisWidgetExtension.appex; sourceTree = BUILT_PRODUCTS_DIR; };
		813DCA9627783F1500468623 /* WidgetKit.framework */ = {isa = PBXFileReference; lastKnownFileType = wrapper.framework; name = WidgetKit.framework; path = System/Library/Frameworks/WidgetKit.framework; sourceTree = SDKROOT; };
		813DCA9827783F1500468623 /* SwiftUI.framework */ = {isa = PBXFileReference; lastKnownFileType = wrapper.framework; name = SwiftUI.framework; path = System/Library/Frameworks/SwiftUI.framework; sourceTree = SDKROOT; };
		813DCA9B27783F1500468623 /* AtisWidget.swift */ = {isa = PBXFileReference; lastKnownFileType = sourcecode.swift; path = AtisWidget.swift; sourceTree = "<group>"; };
		813DCA9D27783F1500468623 /* AtisWidget.intentdefinition */ = {isa = PBXFileReference; lastKnownFileType = file.intentdefinition; path = AtisWidget.intentdefinition; sourceTree = "<group>"; };
		813DCA9E27783F1600468623 /* Assets.xcassets */ = {isa = PBXFileReference; lastKnownFileType = folder.assetcatalog; path = Assets.xcassets; sourceTree = "<group>"; };
		813DCAA027783F1600468623 /* Info.plist */ = {isa = PBXFileReference; lastKnownFileType = text.plist.xml; path = Info.plist; sourceTree = "<group>"; };
		813DCAAA2778468400468623 /* Config.plist */ = {isa = PBXFileReference; lastKnownFileType = text.plist; path = Config.plist; sourceTree = "<group>"; };
		813DCAAE277847E900468623 /* METARWeather.swift */ = {isa = PBXFileReference; lastKnownFileType = sourcecode.swift; path = METARWeather.swift; sourceTree = "<group>"; };
		813DCAB227784B3A00468623 /* NetworkingLayer.swift */ = {isa = PBXFileReference; lastKnownFileType = sourcecode.swift; path = NetworkingLayer.swift; sourceTree = "<group>"; };
		813DCAB627784BA600468623 /* ConfigReader.swift */ = {isa = PBXFileReference; lastKnownFileType = sourcecode.swift; path = ConfigReader.swift; sourceTree = "<group>"; };
		813DCABA277AF81900468623 /* Encodable+.swift */ = {isa = PBXFileReference; lastKnownFileType = sourcecode.swift; path = "Encodable+.swift"; sourceTree = "<group>"; };
		813DCABD277AF84A00468623 /* NetworkRequest.swift */ = {isa = PBXFileReference; lastKnownFileType = sourcecode.swift; path = NetworkRequest.swift; sourceTree = "<group>"; };
/* End PBXFileReference section */

/* Begin PBXFrameworksBuildPhase section */
		813DCA7627783ECD00468623 /* Frameworks */ = {
			isa = PBXFrameworksBuildPhase;
			buildActionMask = 2147483647;
			files = (
			);
			runOnlyForDeploymentPostprocessing = 0;
		};
		813DCA7C27783ECD00468623 /* Frameworks */ = {
			isa = PBXFrameworksBuildPhase;
			buildActionMask = 2147483647;
			files = (
			);
			runOnlyForDeploymentPostprocessing = 0;
		};
		813DCA9127783F1500468623 /* Frameworks */ = {
			isa = PBXFrameworksBuildPhase;
			buildActionMask = 2147483647;
			files = (
				813DCA9927783F1500468623 /* SwiftUI.framework in Frameworks */,
				813DCA9727783F1500468623 /* WidgetKit.framework in Frameworks */,
			);
			runOnlyForDeploymentPostprocessing = 0;
		};
/* End PBXFrameworksBuildPhase section */

/* Begin PBXGroup section */
		81320330277B0D8B0064B8BE /* Views */ = {
			isa = PBXGroup;
			children = (
			);
			path = Views;
			sourceTree = "<group>";
		};
		81320335277B0DEE0064B8BE /* Networking Layer */ = {
			isa = PBXGroup;
			children = (
				813DCAB227784B3A00468623 /* NetworkingLayer.swift */,
				813DCABD277AF84A00468623 /* NetworkRequest.swift */,
			);
			path = "Networking Layer";
			sourceTree = "<group>";
		};
		813DCA6C27783ECC00468623 = {
			isa = PBXGroup;
			children = (
				813DCA7127783ECC00468623 /* Shared */,
				813DCA8027783ECD00468623 /* macOS */,
				813DCA9A27783F1500468623 /* AtisWidget */,
				813DCA9527783F1500468623 /* Frameworks */,
				813DCA7A27783ECD00468623 /* Products */,
			);
			sourceTree = "<group>";
		};
		813DCA7127783ECC00468623 /* Shared */ = {
			isa = PBXGroup;
			children = (
				813DCAB9277AF80F00468623 /* Extensions */,
				813DCAB527784B9900468623 /* Helpers */,
				813DCAB127784B1E00468623 /* Networking */,
				813DCAAD277847C600468623 /* Models */,
				81320330277B0D8B0064B8BE /* Views */,
				813DCAAA2778468400468623 /* Config.plist */,
				813DCA7227783ECC00468623 /* AtisApp.swift */,
				813DCA7327783ECC00468623 /* ContentView.swift */,
				813DCA7427783ECD00468623 /* Assets.xcassets */,
			);
			path = Shared;
			sourceTree = "<group>";
		};
		813DCA7A27783ECD00468623 /* Products */ = {
			isa = PBXGroup;
			children = (
				813DCA7927783ECD00468623 /* Atis.app */,
				813DCA7F27783ECD00468623 /* Atis.app */,
				813DCA9427783F1500468623 /* AtisWidgetExtension.appex */,
			);
			name = Products;
			sourceTree = "<group>";
		};
		813DCA8027783ECD00468623 /* macOS */ = {
			isa = PBXGroup;
			children = (
				813DCA8127783ECD00468623 /* macOS.entitlements */,
			);
			path = macOS;
			sourceTree = "<group>";
		};
		813DCA9527783F1500468623 /* Frameworks */ = {
			isa = PBXGroup;
			children = (
				813DCA9627783F1500468623 /* WidgetKit.framework */,
				813DCA9827783F1500468623 /* SwiftUI.framework */,
			);
			name = Frameworks;
			sourceTree = "<group>";
		};
		813DCA9A27783F1500468623 /* AtisWidget */ = {
			isa = PBXGroup;
			children = (
				813DCA9B27783F1500468623 /* AtisWidget.swift */,
				813DCA9D27783F1500468623 /* AtisWidget.intentdefinition */,
				813DCA9E27783F1600468623 /* Assets.xcassets */,
				813DCAA027783F1600468623 /* Info.plist */,
			);
			path = AtisWidget;
			sourceTree = "<group>";
		};
		813DCAAD277847C600468623 /* Models */ = {
			isa = PBXGroup;
			children = (
				813DCAAE277847E900468623 /* METARWeather.swift */,
			);
			path = Models;
			sourceTree = "<group>";
		};
		813DCAB127784B1E00468623 /* Networking */ = {
			isa = PBXGroup;
			children = (
				81320332277B0DE10064B8BE /* METARService.swift */,
				81320335277B0DEE0064B8BE /* Networking Layer */,
			);
			path = Networking;
			sourceTree = "<group>";
		};
		813DCAB527784B9900468623 /* Helpers */ = {
			isa = PBXGroup;
			children = (
				813DCAB627784BA600468623 /* ConfigReader.swift */,
			);
			path = Helpers;
			sourceTree = "<group>";
		};
		813DCAB9277AF80F00468623 /* Extensions */ = {
			isa = PBXGroup;
			children = (
				813DCABA277AF81900468623 /* Encodable+.swift */,
			);
			path = Extensions;
			sourceTree = "<group>";
		};
/* End PBXGroup section */

/* Begin PBXNativeTarget section */
		813DCA7827783ECD00468623 /* Atis (iOS) */ = {
			isa = PBXNativeTarget;
			buildConfigurationList = 813DCA8A27783ECD00468623 /* Build configuration list for PBXNativeTarget "Atis (iOS)" */;
			buildPhases = (
				813DCA7527783ECD00468623 /* Sources */,
				813DCA7627783ECD00468623 /* Frameworks */,
				813DCA7727783ECD00468623 /* Resources */,
				813DCAA927783F1600468623 /* Embed App Extensions */,
			);
			buildRules = (
			);
			dependencies = (
				813DCAA427783F1600468623 /* PBXTargetDependency */,
			);
			name = "Atis (iOS)";
			productName = "Atis (iOS)";
			productReference = 813DCA7927783ECD00468623 /* Atis.app */;
			productType = "com.apple.product-type.application";
		};
		813DCA7E27783ECD00468623 /* Atis (macOS) */ = {
			isa = PBXNativeTarget;
			buildConfigurationList = 813DCA8D27783ECD00468623 /* Build configuration list for PBXNativeTarget "Atis (macOS)" */;
			buildPhases = (
				813DCA7B27783ECD00468623 /* Sources */,
				813DCA7C27783ECD00468623 /* Frameworks */,
				813DCA7D27783ECD00468623 /* Resources */,
			);
			buildRules = (
			);
			dependencies = (
			);
			name = "Atis (macOS)";
			productName = "Atis (macOS)";
			productReference = 813DCA7F27783ECD00468623 /* Atis.app */;
			productType = "com.apple.product-type.application";
		};
		813DCA9327783F1500468623 /* AtisWidgetExtension */ = {
			isa = PBXNativeTarget;
			buildConfigurationList = 813DCAA627783F1600468623 /* Build configuration list for PBXNativeTarget "AtisWidgetExtension" */;
			buildPhases = (
				813DCA9027783F1500468623 /* Sources */,
				813DCA9127783F1500468623 /* Frameworks */,
				813DCA9227783F1500468623 /* Resources */,
			);
			buildRules = (
			);
			dependencies = (
			);
			name = AtisWidgetExtension;
			productName = AtisWidgetExtension;
			productReference = 813DCA9427783F1500468623 /* AtisWidgetExtension.appex */;
			productType = "com.apple.product-type.app-extension";
		};
/* End PBXNativeTarget section */

/* Begin PBXProject section */
		813DCA6D27783ECC00468623 /* Project object */ = {
			isa = PBXProject;
			attributes = {
				BuildIndependentTargetsInParallel = 1;
				LastSwiftUpdateCheck = 1320;
				LastUpgradeCheck = 1320;
				TargetAttributes = {
					813DCA7827783ECD00468623 = {
						CreatedOnToolsVersion = 13.2.1;
					};
					813DCA7E27783ECD00468623 = {
						CreatedOnToolsVersion = 13.2.1;
					};
					813DCA9327783F1500468623 = {
						CreatedOnToolsVersion = 13.2.1;
					};
				};
			};
			buildConfigurationList = 813DCA7027783ECC00468623 /* Build configuration list for PBXProject "Atis" */;
			compatibilityVersion = "Xcode 13.0";
			developmentRegion = en;
			hasScannedForEncodings = 0;
			knownRegions = (
				en,
				Base,
			);
			mainGroup = 813DCA6C27783ECC00468623;
			productRefGroup = 813DCA7A27783ECD00468623 /* Products */;
			projectDirPath = "";
			projectRoot = "";
			targets = (
				813DCA7827783ECD00468623 /* Atis (iOS) */,
				813DCA7E27783ECD00468623 /* Atis (macOS) */,
				813DCA9327783F1500468623 /* AtisWidgetExtension */,
			);
		};
/* End PBXProject section */

/* Begin PBXResourcesBuildPhase section */
		813DCA7727783ECD00468623 /* Resources */ = {
			isa = PBXResourcesBuildPhase;
			buildActionMask = 2147483647;
			files = (
				813DCAAB2778468400468623 /* Config.plist in Resources */,
				813DCA8627783ECD00468623 /* Assets.xcassets in Resources */,
			);
			runOnlyForDeploymentPostprocessing = 0;
		};
		813DCA7D27783ECD00468623 /* Resources */ = {
			isa = PBXResourcesBuildPhase;
			buildActionMask = 2147483647;
			files = (
				813DCAAC2778468400468623 /* Config.plist in Resources */,
				813DCA8727783ECD00468623 /* Assets.xcassets in Resources */,
			);
			runOnlyForDeploymentPostprocessing = 0;
		};
		813DCA9227783F1500468623 /* Resources */ = {
			isa = PBXResourcesBuildPhase;
			buildActionMask = 2147483647;
			files = (
				813DCA9F27783F1600468623 /* Assets.xcassets in Resources */,
			);
			runOnlyForDeploymentPostprocessing = 0;
		};
/* End PBXResourcesBuildPhase section */

/* Begin PBXSourcesBuildPhase section */
		813DCA7527783ECD00468623 /* Sources */ = {
			isa = PBXSourcesBuildPhase;
			buildActionMask = 2147483647;
			files = (
				813DCA8427783ECD00468623 /* ContentView.swift in Sources */,
				813DCA8227783ECD00468623 /* AtisApp.swift in Sources */,
				813DCABE277AF84A00468623 /* NetworkRequest.swift in Sources */,
				813DCAB327784B3A00468623 /* NetworkingLayer.swift in Sources */,
				813DCAAF277847E900468623 /* METARWeather.swift in Sources */,
				813DCAB727784BA600468623 /* ConfigReader.swift in Sources */,
				813DCAA227783F1600468623 /* AtisWidget.intentdefinition in Sources */,
				813DCABB277AF81900468623 /* Encodable+.swift in Sources */,
				81320333277B0DE10064B8BE /* METARService.swift in Sources */,
			);
			runOnlyForDeploymentPostprocessing = 0;
		};
		813DCA7B27783ECD00468623 /* Sources */ = {
			isa = PBXSourcesBuildPhase;
			buildActionMask = 2147483647;
			files = (
				813DCABF277AF86900468623 /* NetworkRequest.swift in Sources */,
				813DCA8527783ECD00468623 /* ContentView.swift in Sources */,
				813DCAB427784B3A00468623 /* NetworkingLayer.swift in Sources */,
				813DCAB0277847E900468623 /* METARWeather.swift in Sources */,
				813DCABC277AF83D00468623 /* Encodable+.swift in Sources */,
				813DCAB827784BA600468623 /* ConfigReader.swift in Sources */,
				813DCA8327783ECD00468623 /* AtisApp.swift in Sources */,
				81320334277B0DE10064B8BE /* METARService.swift in Sources */,
			);
			runOnlyForDeploymentPostprocessing = 0;
		};
		813DCA9027783F1500468623 /* Sources */ = {
			isa = PBXSourcesBuildPhase;
			buildActionMask = 2147483647;
			files = (
				8132033A277B1A850064B8BE /* NetworkRequest.swift in Sources */,
				813DCA9C27783F1500468623 /* AtisWidget.swift in Sources */,
				81320339277B1A810064B8BE /* NetworkingLayer.swift in Sources */,
				8132033B277B1A8B0064B8BE /* Encodable+.swift in Sources */,
				81320336277B1A6D0064B8BE /* METARWeather.swift in Sources */,
				813DCAA127783F1600468623 /* AtisWidget.intentdefinition in Sources */,
				81320338277B1A7A0064B8BE /* ConfigReader.swift in Sources */,
				81320337277B1A730064B8BE /* METARService.swift in Sources */,
			);
			runOnlyForDeploymentPostprocessing = 0;
		};
/* End PBXSourcesBuildPhase section */

/* Begin PBXTargetDependency section */
		813DCAA427783F1600468623 /* PBXTargetDependency */ = {
			isa = PBXTargetDependency;
			target = 813DCA9327783F1500468623 /* AtisWidgetExtension */;
			targetProxy = 813DCAA327783F1600468623 /* PBXContainerItemProxy */;
		};
/* End PBXTargetDependency section */

/* Begin XCBuildConfiguration section */
		813DCA8827783ECD00468623 /* Debug Prod */ = {
			isa = XCBuildConfiguration;
			buildSettings = {
				ALWAYS_SEARCH_USER_PATHS = NO;
				CLANG_ANALYZER_NONNULL = YES;
				CLANG_ANALYZER_NUMBER_OBJECT_CONVERSION = YES_AGGRESSIVE;
				CLANG_CXX_LANGUAGE_STANDARD = "gnu++17";
				CLANG_CXX_LIBRARY = "libc++";
				CLANG_ENABLE_MODULES = YES;
				CLANG_ENABLE_OBJC_ARC = YES;
				CLANG_ENABLE_OBJC_WEAK = YES;
				CLANG_WARN_BLOCK_CAPTURE_AUTORELEASING = YES;
				CLANG_WARN_BOOL_CONVERSION = YES;
				CLANG_WARN_COMMA = YES;
				CLANG_WARN_CONSTANT_CONVERSION = YES;
				CLANG_WARN_DEPRECATED_OBJC_IMPLEMENTATIONS = YES;
				CLANG_WARN_DIRECT_OBJC_ISA_USAGE = YES_ERROR;
				CLANG_WARN_DOCUMENTATION_COMMENTS = YES;
				CLANG_WARN_EMPTY_BODY = YES;
				CLANG_WARN_ENUM_CONVERSION = YES;
				CLANG_WARN_INFINITE_RECURSION = YES;
				CLANG_WARN_INT_CONVERSION = YES;
				CLANG_WARN_NON_LITERAL_NULL_CONVERSION = YES;
				CLANG_WARN_OBJC_IMPLICIT_RETAIN_SELF = YES;
				CLANG_WARN_OBJC_LITERAL_CONVERSION = YES;
				CLANG_WARN_OBJC_ROOT_CLASS = YES_ERROR;
				CLANG_WARN_QUOTED_INCLUDE_IN_FRAMEWORK_HEADER = YES;
				CLANG_WARN_RANGE_LOOP_ANALYSIS = YES;
				CLANG_WARN_STRICT_PROTOTYPES = YES;
				CLANG_WARN_SUSPICIOUS_MOVE = YES;
				CLANG_WARN_UNGUARDED_AVAILABILITY = YES_AGGRESSIVE;
				CLANG_WARN_UNREACHABLE_CODE = YES;
				CLANG_WARN__DUPLICATE_METHOD_MATCH = YES;
				COPY_PHASE_STRIP = NO;
				DEBUG_INFORMATION_FORMAT = dwarf;
				ENABLE_STRICT_OBJC_MSGSEND = YES;
				ENABLE_TESTABILITY = YES;
				GCC_C_LANGUAGE_STANDARD = gnu11;
				GCC_DYNAMIC_NO_PIC = NO;
				GCC_NO_COMMON_BLOCKS = YES;
				GCC_OPTIMIZATION_LEVEL = 0;
				GCC_PREPROCESSOR_DEFINITIONS = (
					"DEBUG=1",
					"$(inherited)",
				);
				GCC_WARN_64_TO_32_BIT_CONVERSION = YES;
				GCC_WARN_ABOUT_RETURN_TYPE = YES_ERROR;
				GCC_WARN_UNDECLARED_SELECTOR = YES;
				GCC_WARN_UNINITIALIZED_AUTOS = YES_AGGRESSIVE;
				GCC_WARN_UNUSED_FUNCTION = YES;
				GCC_WARN_UNUSED_VARIABLE = YES;
				MTL_ENABLE_DEBUG_INFO = INCLUDE_SOURCE;
				MTL_FAST_MATH = YES;
				ONLY_ACTIVE_ARCH = YES;
				SWIFT_ACTIVE_COMPILATION_CONDITIONS = DEBUG;
				SWIFT_OPTIMIZATION_LEVEL = "-Onone";
			};
			name = "Debug Prod";
		};
		813DCA8927783ECD00468623 /* Release Prod */ = {
			isa = XCBuildConfiguration;
			buildSettings = {
				ALWAYS_SEARCH_USER_PATHS = NO;
				CLANG_ANALYZER_NONNULL = YES;
				CLANG_ANALYZER_NUMBER_OBJECT_CONVERSION = YES_AGGRESSIVE;
				CLANG_CXX_LANGUAGE_STANDARD = "gnu++17";
				CLANG_CXX_LIBRARY = "libc++";
				CLANG_ENABLE_MODULES = YES;
				CLANG_ENABLE_OBJC_ARC = YES;
				CLANG_ENABLE_OBJC_WEAK = YES;
				CLANG_WARN_BLOCK_CAPTURE_AUTORELEASING = YES;
				CLANG_WARN_BOOL_CONVERSION = YES;
				CLANG_WARN_COMMA = YES;
				CLANG_WARN_CONSTANT_CONVERSION = YES;
				CLANG_WARN_DEPRECATED_OBJC_IMPLEMENTATIONS = YES;
				CLANG_WARN_DIRECT_OBJC_ISA_USAGE = YES_ERROR;
				CLANG_WARN_DOCUMENTATION_COMMENTS = YES;
				CLANG_WARN_EMPTY_BODY = YES;
				CLANG_WARN_ENUM_CONVERSION = YES;
				CLANG_WARN_INFINITE_RECURSION = YES;
				CLANG_WARN_INT_CONVERSION = YES;
				CLANG_WARN_NON_LITERAL_NULL_CONVERSION = YES;
				CLANG_WARN_OBJC_IMPLICIT_RETAIN_SELF = YES;
				CLANG_WARN_OBJC_LITERAL_CONVERSION = YES;
				CLANG_WARN_OBJC_ROOT_CLASS = YES_ERROR;
				CLANG_WARN_QUOTED_INCLUDE_IN_FRAMEWORK_HEADER = YES;
				CLANG_WARN_RANGE_LOOP_ANALYSIS = YES;
				CLANG_WARN_STRICT_PROTOTYPES = YES;
				CLANG_WARN_SUSPICIOUS_MOVE = YES;
				CLANG_WARN_UNGUARDED_AVAILABILITY = YES_AGGRESSIVE;
				CLANG_WARN_UNREACHABLE_CODE = YES;
				CLANG_WARN__DUPLICATE_METHOD_MATCH = YES;
				COPY_PHASE_STRIP = NO;
				DEBUG_INFORMATION_FORMAT = "dwarf-with-dsym";
				ENABLE_NS_ASSERTIONS = NO;
				ENABLE_STRICT_OBJC_MSGSEND = YES;
				GCC_C_LANGUAGE_STANDARD = gnu11;
				GCC_NO_COMMON_BLOCKS = YES;
				GCC_WARN_64_TO_32_BIT_CONVERSION = YES;
				GCC_WARN_ABOUT_RETURN_TYPE = YES_ERROR;
				GCC_WARN_UNDECLARED_SELECTOR = YES;
				GCC_WARN_UNINITIALIZED_AUTOS = YES_AGGRESSIVE;
				GCC_WARN_UNUSED_FUNCTION = YES;
				GCC_WARN_UNUSED_VARIABLE = YES;
				MTL_ENABLE_DEBUG_INFO = NO;
				MTL_FAST_MATH = YES;
				SWIFT_COMPILATION_MODE = wholemodule;
				SWIFT_OPTIMIZATION_LEVEL = "-O";
			};
			name = "Release Prod";
		};
		813DCA8B27783ECD00468623 /* Debug Prod */ = {
			isa = XCBuildConfiguration;
			buildSettings = {
				ALWAYS_EMBED_SWIFT_STANDARD_LIBRARIES = YES;
				ASSETCATALOG_COMPILER_APPICON_NAME = AppIcon;
				ASSETCATALOG_COMPILER_GLOBAL_ACCENT_COLOR_NAME = AccentColor;
				CODE_SIGN_STYLE = Automatic;
				CURRENT_PROJECT_VERSION = 1;
				DEVELOPMENT_TEAM = EXMYY8J9M4;
				ENABLE_PREVIEWS = YES;
				GENERATE_INFOPLIST_FILE = YES;
				INFOPLIST_KEY_UIApplicationSceneManifest_Generation = YES;
				INFOPLIST_KEY_UIApplicationSupportsIndirectInputEvents = YES;
				INFOPLIST_KEY_UILaunchScreen_Generation = YES;
				INFOPLIST_KEY_UISupportedInterfaceOrientations_iPad = "UIInterfaceOrientationPortrait UIInterfaceOrientationPortraitUpsideDown UIInterfaceOrientationLandscapeLeft UIInterfaceOrientationLandscapeRight";
				INFOPLIST_KEY_UISupportedInterfaceOrientations_iPhone = "UIInterfaceOrientationPortrait UIInterfaceOrientationLandscapeLeft UIInterfaceOrientationLandscapeRight";
				IPHONEOS_DEPLOYMENT_TARGET = 15.2;
				LD_RUNPATH_SEARCH_PATHS = (
					"$(inherited)",
					"@executable_path/Frameworks",
				);
				MARKETING_VERSION = 1.0;
				OTHER_SWIFT_FLAGS = "-DDEVELOP";
				PRODUCT_BUNDLE_IDENTIFIER = hugaboom.Atis;
				PRODUCT_NAME = Atis;
				SDKROOT = iphoneos;
				SWIFT_EMIT_LOC_STRINGS = YES;
				SWIFT_VERSION = 5.0;
				TARGETED_DEVICE_FAMILY = "1,2";
			};
			name = "Debug Prod";
		};
		813DCA8C27783ECD00468623 /* Release Prod */ = {
			isa = XCBuildConfiguration;
			buildSettings = {
				ALWAYS_EMBED_SWIFT_STANDARD_LIBRARIES = YES;
				ASSETCATALOG_COMPILER_APPICON_NAME = AppIcon;
				ASSETCATALOG_COMPILER_GLOBAL_ACCENT_COLOR_NAME = AccentColor;
				CODE_SIGN_STYLE = Automatic;
				CURRENT_PROJECT_VERSION = 1;
				DEVELOPMENT_TEAM = EXMYY8J9M4;
				ENABLE_PREVIEWS = YES;
				GENERATE_INFOPLIST_FILE = YES;
				INFOPLIST_KEY_UIApplicationSceneManifest_Generation = YES;
				INFOPLIST_KEY_UIApplicationSupportsIndirectInputEvents = YES;
				INFOPLIST_KEY_UILaunchScreen_Generation = YES;
				INFOPLIST_KEY_UISupportedInterfaceOrientations_iPad = "UIInterfaceOrientationPortrait UIInterfaceOrientationPortraitUpsideDown UIInterfaceOrientationLandscapeLeft UIInterfaceOrientationLandscapeRight";
				INFOPLIST_KEY_UISupportedInterfaceOrientations_iPhone = "UIInterfaceOrientationPortrait UIInterfaceOrientationLandscapeLeft UIInterfaceOrientationLandscapeRight";
				IPHONEOS_DEPLOYMENT_TARGET = 15.2;
				LD_RUNPATH_SEARCH_PATHS = (
					"$(inherited)",
					"@executable_path/Frameworks",
				);
				MARKETING_VERSION = 1.0;
				OTHER_SWIFT_FLAGS = "-DPROD";
				PRODUCT_BUNDLE_IDENTIFIER = hugaboom.Atis;
				PRODUCT_NAME = Atis;
				SDKROOT = iphoneos;
				SWIFT_EMIT_LOC_STRINGS = YES;
				SWIFT_VERSION = 5.0;
				TARGETED_DEVICE_FAMILY = "1,2";
				VALIDATE_PRODUCT = YES;
			};
			name = "Release Prod";
		};
		813DCA8E27783ECD00468623 /* Debug Prod */ = {
			isa = XCBuildConfiguration;
			buildSettings = {
				ASSETCATALOG_COMPILER_APPICON_NAME = AppIcon;
				ASSETCATALOG_COMPILER_GLOBAL_ACCENT_COLOR_NAME = AccentColor;
				CODE_SIGN_ENTITLEMENTS = macOS/macOS.entitlements;
				CODE_SIGN_STYLE = Automatic;
				COMBINE_HIDPI_IMAGES = YES;
				CURRENT_PROJECT_VERSION = 1;
				DEVELOPMENT_TEAM = EXMYY8J9M4;
				ENABLE_HARDENED_RUNTIME = YES;
				ENABLE_PREVIEWS = YES;
				GENERATE_INFOPLIST_FILE = YES;
				INFOPLIST_KEY_NSHumanReadableCopyright = "";
				LD_RUNPATH_SEARCH_PATHS = (
					"$(inherited)",
					"@executable_path/../Frameworks",
				);
				MACOSX_DEPLOYMENT_TARGET = 12.1;
				MARKETING_VERSION = 1.0;
				OTHER_SWIFT_FLAGS = "-DDEVELOP";
				PRODUCT_BUNDLE_IDENTIFIER = hugaboom.Atis;
				PRODUCT_NAME = Atis;
				SDKROOT = macosx;
				SWIFT_EMIT_LOC_STRINGS = YES;
				SWIFT_VERSION = 5.0;
			};
			name = "Debug Prod";
		};
		813DCA8F27783ECD00468623 /* Release Prod */ = {
			isa = XCBuildConfiguration;
			buildSettings = {
				ASSETCATALOG_COMPILER_APPICON_NAME = AppIcon;
				ASSETCATALOG_COMPILER_GLOBAL_ACCENT_COLOR_NAME = AccentColor;
				CODE_SIGN_ENTITLEMENTS = macOS/macOS.entitlements;
				CODE_SIGN_STYLE = Automatic;
				COMBINE_HIDPI_IMAGES = YES;
				CURRENT_PROJECT_VERSION = 1;
				DEVELOPMENT_TEAM = EXMYY8J9M4;
				ENABLE_HARDENED_RUNTIME = YES;
				ENABLE_PREVIEWS = YES;
				GENERATE_INFOPLIST_FILE = YES;
				INFOPLIST_KEY_NSHumanReadableCopyright = "";
				LD_RUNPATH_SEARCH_PATHS = (
					"$(inherited)",
					"@executable_path/../Frameworks",
				);
				MACOSX_DEPLOYMENT_TARGET = 12.1;
				MARKETING_VERSION = 1.0;
				OTHER_SWIFT_FLAGS = "-DPROD";
				PRODUCT_BUNDLE_IDENTIFIER = hugaboom.Atis;
				PRODUCT_NAME = Atis;
				SDKROOT = macosx;
				SWIFT_EMIT_LOC_STRINGS = YES;
				SWIFT_VERSION = 5.0;
			};
			name = "Release Prod";
		};
		813DCAA727783F1600468623 /* Debug Prod */ = {
			isa = XCBuildConfiguration;
			buildSettings = {
				ASSETCATALOG_COMPILER_GLOBAL_ACCENT_COLOR_NAME = AccentColor;
				ASSETCATALOG_COMPILER_WIDGET_BACKGROUND_COLOR_NAME = WidgetBackground;
				CODE_SIGN_STYLE = Automatic;
				CURRENT_PROJECT_VERSION = 1;
				DEVELOPMENT_TEAM = EXMYY8J9M4;
				GENERATE_INFOPLIST_FILE = YES;
				INFOPLIST_FILE = AtisWidget/Info.plist;
				INFOPLIST_KEY_CFBundleDisplayName = AtisWidget;
				INFOPLIST_KEY_NSHumanReadableCopyright = "";
				IPHONEOS_DEPLOYMENT_TARGET = 15.2;
				LD_RUNPATH_SEARCH_PATHS = (
					"$(inherited)",
					"@executable_path/Frameworks",
					"@executable_path/../../Frameworks",
				);
				MARKETING_VERSION = 1.0;
				OTHER_SWIFT_FLAGS = "-DDEVELOP";
				PRODUCT_BUNDLE_IDENTIFIER = hugaboom.Atis.AtisWidget;
				PRODUCT_NAME = "$(TARGET_NAME)";
				SDKROOT = iphoneos;
				SKIP_INSTALL = YES;
				SWIFT_EMIT_LOC_STRINGS = YES;
				SWIFT_VERSION = 5.0;
				TARGETED_DEVICE_FAMILY = "1,2";
			};
			name = "Debug Prod";
		};
		813DCAA827783F1600468623 /* Release Prod */ = {
			isa = XCBuildConfiguration;
			buildSettings = {
				ASSETCATALOG_COMPILER_GLOBAL_ACCENT_COLOR_NAME = AccentColor;
				ASSETCATALOG_COMPILER_WIDGET_BACKGROUND_COLOR_NAME = WidgetBackground;
				CODE_SIGN_STYLE = Automatic;
				CURRENT_PROJECT_VERSION = 1;
				DEVELOPMENT_TEAM = EXMYY8J9M4;
				GENERATE_INFOPLIST_FILE = YES;
				INFOPLIST_FILE = AtisWidget/Info.plist;
				INFOPLIST_KEY_CFBundleDisplayName = AtisWidget;
				INFOPLIST_KEY_NSHumanReadableCopyright = "";
				IPHONEOS_DEPLOYMENT_TARGET = 15.2;
				LD_RUNPATH_SEARCH_PATHS = (
					"$(inherited)",
					"@executable_path/Frameworks",
					"@executable_path/../../Frameworks",
				);
				MARKETING_VERSION = 1.0;
				OTHER_SWIFT_FLAGS = "-DPROD";
				PRODUCT_BUNDLE_IDENTIFIER = hugaboom.Atis.AtisWidget;
				PRODUCT_NAME = "$(TARGET_NAME)";
				SDKROOT = iphoneos;
				SKIP_INSTALL = YES;
				SWIFT_EMIT_LOC_STRINGS = YES;
				SWIFT_VERSION = 5.0;
				TARGETED_DEVICE_FAMILY = "1,2";
				VALIDATE_PRODUCT = YES;
			};
			name = "Release Prod";
		};
		813DCAC3277AFA7E00468623 /* Debug Develop */ = {
			isa = XCBuildConfiguration;
			buildSettings = {
				ALWAYS_SEARCH_USER_PATHS = NO;
				CLANG_ANALYZER_NONNULL = YES;
				CLANG_ANALYZER_NUMBER_OBJECT_CONVERSION = YES_AGGRESSIVE;
				CLANG_CXX_LANGUAGE_STANDARD = "gnu++17";
				CLANG_CXX_LIBRARY = "libc++";
				CLANG_ENABLE_MODULES = YES;
				CLANG_ENABLE_OBJC_ARC = YES;
				CLANG_ENABLE_OBJC_WEAK = YES;
				CLANG_WARN_BLOCK_CAPTURE_AUTORELEASING = YES;
				CLANG_WARN_BOOL_CONVERSION = YES;
				CLANG_WARN_COMMA = YES;
				CLANG_WARN_CONSTANT_CONVERSION = YES;
				CLANG_WARN_DEPRECATED_OBJC_IMPLEMENTATIONS = YES;
				CLANG_WARN_DIRECT_OBJC_ISA_USAGE = YES_ERROR;
				CLANG_WARN_DOCUMENTATION_COMMENTS = YES;
				CLANG_WARN_EMPTY_BODY = YES;
				CLANG_WARN_ENUM_CONVERSION = YES;
				CLANG_WARN_INFINITE_RECURSION = YES;
				CLANG_WARN_INT_CONVERSION = YES;
				CLANG_WARN_NON_LITERAL_NULL_CONVERSION = YES;
				CLANG_WARN_OBJC_IMPLICIT_RETAIN_SELF = YES;
				CLANG_WARN_OBJC_LITERAL_CONVERSION = YES;
				CLANG_WARN_OBJC_ROOT_CLASS = YES_ERROR;
				CLANG_WARN_QUOTED_INCLUDE_IN_FRAMEWORK_HEADER = YES;
				CLANG_WARN_RANGE_LOOP_ANALYSIS = YES;
				CLANG_WARN_STRICT_PROTOTYPES = YES;
				CLANG_WARN_SUSPICIOUS_MOVE = YES;
				CLANG_WARN_UNGUARDED_AVAILABILITY = YES_AGGRESSIVE;
				CLANG_WARN_UNREACHABLE_CODE = YES;
				CLANG_WARN__DUPLICATE_METHOD_MATCH = YES;
				COPY_PHASE_STRIP = NO;
				DEBUG_INFORMATION_FORMAT = dwarf;
				ENABLE_STRICT_OBJC_MSGSEND = YES;
				ENABLE_TESTABILITY = YES;
				GCC_C_LANGUAGE_STANDARD = gnu11;
				GCC_DYNAMIC_NO_PIC = NO;
				GCC_NO_COMMON_BLOCKS = YES;
				GCC_OPTIMIZATION_LEVEL = 0;
				GCC_PREPROCESSOR_DEFINITIONS = (
					"DEBUG=1",
					"$(inherited)",
				);
				GCC_WARN_64_TO_32_BIT_CONVERSION = YES;
				GCC_WARN_ABOUT_RETURN_TYPE = YES_ERROR;
				GCC_WARN_UNDECLARED_SELECTOR = YES;
				GCC_WARN_UNINITIALIZED_AUTOS = YES_AGGRESSIVE;
				GCC_WARN_UNUSED_FUNCTION = YES;
				GCC_WARN_UNUSED_VARIABLE = YES;
				MTL_ENABLE_DEBUG_INFO = INCLUDE_SOURCE;
				MTL_FAST_MATH = YES;
				ONLY_ACTIVE_ARCH = YES;
				SWIFT_ACTIVE_COMPILATION_CONDITIONS = DEBUG;
				SWIFT_OPTIMIZATION_LEVEL = "-Onone";
			};
			name = "Debug Develop";
		};
		813DCAC4277AFA7E00468623 /* Debug Develop */ = {
			isa = XCBuildConfiguration;
			buildSettings = {
				ALWAYS_EMBED_SWIFT_STANDARD_LIBRARIES = YES;
				ASSETCATALOG_COMPILER_APPICON_NAME = AppIcon;
				ASSETCATALOG_COMPILER_GLOBAL_ACCENT_COLOR_NAME = AccentColor;
				CODE_SIGN_STYLE = Automatic;
				CURRENT_PROJECT_VERSION = 1;
				DEVELOPMENT_TEAM = EXMYY8J9M4;
				ENABLE_PREVIEWS = YES;
				GENERATE_INFOPLIST_FILE = YES;
				INFOPLIST_KEY_UIApplicationSceneManifest_Generation = YES;
				INFOPLIST_KEY_UIApplicationSupportsIndirectInputEvents = YES;
				INFOPLIST_KEY_UILaunchScreen_Generation = YES;
				INFOPLIST_KEY_UISupportedInterfaceOrientations_iPad = "UIInterfaceOrientationPortrait UIInterfaceOrientationPortraitUpsideDown UIInterfaceOrientationLandscapeLeft UIInterfaceOrientationLandscapeRight";
				INFOPLIST_KEY_UISupportedInterfaceOrientations_iPhone = "UIInterfaceOrientationPortrait UIInterfaceOrientationLandscapeLeft UIInterfaceOrientationLandscapeRight";
				IPHONEOS_DEPLOYMENT_TARGET = 15.2;
				LD_RUNPATH_SEARCH_PATHS = (
					"$(inherited)",
					"@executable_path/Frameworks",
				);
				MARKETING_VERSION = 1.0;
				OTHER_SWIFT_FLAGS = "-DDEVELOP";
				PRODUCT_BUNDLE_IDENTIFIER = hugaboom.Atis.dev;
				PRODUCT_NAME = "Atis Dev";
				SDKROOT = iphoneos;
				SWIFT_EMIT_LOC_STRINGS = YES;
				SWIFT_VERSION = 5.0;
				TARGETED_DEVICE_FAMILY = "1,2";
			};
			name = "Debug Develop";
		};
		813DCAC5277AFA7E00468623 /* Debug Develop */ = {
			isa = XCBuildConfiguration;
			buildSettings = {
				ASSETCATALOG_COMPILER_APPICON_NAME = AppIcon;
				ASSETCATALOG_COMPILER_GLOBAL_ACCENT_COLOR_NAME = AccentColor;
				CODE_SIGN_ENTITLEMENTS = macOS/macOS.entitlements;
				CODE_SIGN_STYLE = Automatic;
				COMBINE_HIDPI_IMAGES = YES;
				CURRENT_PROJECT_VERSION = 1;
				DEVELOPMENT_TEAM = EXMYY8J9M4;
				ENABLE_HARDENED_RUNTIME = YES;
				ENABLE_PREVIEWS = YES;
				GENERATE_INFOPLIST_FILE = YES;
				INFOPLIST_KEY_NSHumanReadableCopyright = "";
				LD_RUNPATH_SEARCH_PATHS = (
					"$(inherited)",
					"@executable_path/../Frameworks",
				);
				MACOSX_DEPLOYMENT_TARGET = 12.1;
				MARKETING_VERSION = 1.0;
				OTHER_SWIFT_FLAGS = "-DDEVELOP";
				PRODUCT_BUNDLE_IDENTIFIER = hugaboom.Atis.dev;
				PRODUCT_NAME = "Atis Dev";
				SDKROOT = macosx;
				SWIFT_EMIT_LOC_STRINGS = YES;
				SWIFT_VERSION = 5.0;
			};
			name = "Debug Develop";
		};
		813DCAC6277AFA7E00468623 /* Debug Develop */ = {
			isa = XCBuildConfiguration;
			buildSettings = {
				ASSETCATALOG_COMPILER_GLOBAL_ACCENT_COLOR_NAME = AccentColor;
				ASSETCATALOG_COMPILER_WIDGET_BACKGROUND_COLOR_NAME = WidgetBackground;
				CODE_SIGN_STYLE = Automatic;
				CURRENT_PROJECT_VERSION = 1;
				DEVELOPMENT_TEAM = EXMYY8J9M4;
				GENERATE_INFOPLIST_FILE = YES;
				INFOPLIST_FILE = AtisWidget/Info.plist;
				INFOPLIST_KEY_CFBundleDisplayName = AtisWidget;
				INFOPLIST_KEY_NSHumanReadableCopyright = "";
				IPHONEOS_DEPLOYMENT_TARGET = 15.2;
				LD_RUNPATH_SEARCH_PATHS = (
					"$(inherited)",
					"@executable_path/Frameworks",
					"@executable_path/../../Frameworks",
				);
				MARKETING_VERSION = 1.0;
				OTHER_SWIFT_FLAGS = "-DDEVELOP";
				PRODUCT_BUNDLE_IDENTIFIER = hugaboom.Atis.AtisWidget.dev;
				PRODUCT_NAME = "$(TARGET_NAME) Dev";
				SDKROOT = iphoneos;
				SKIP_INSTALL = YES;
				SWIFT_EMIT_LOC_STRINGS = YES;
				SWIFT_VERSION = 5.0;
				TARGETED_DEVICE_FAMILY = "1,2";
			};
			name = "Debug Develop";
		};
		813DCAC7277AFA8200468623 /* Release Develop */ = {
			isa = XCBuildConfiguration;
			buildSettings = {
				ALWAYS_SEARCH_USER_PATHS = NO;
				CLANG_ANALYZER_NONNULL = YES;
				CLANG_ANALYZER_NUMBER_OBJECT_CONVERSION = YES_AGGRESSIVE;
				CLANG_CXX_LANGUAGE_STANDARD = "gnu++17";
				CLANG_CXX_LIBRARY = "libc++";
				CLANG_ENABLE_MODULES = YES;
				CLANG_ENABLE_OBJC_ARC = YES;
				CLANG_ENABLE_OBJC_WEAK = YES;
				CLANG_WARN_BLOCK_CAPTURE_AUTORELEASING = YES;
				CLANG_WARN_BOOL_CONVERSION = YES;
				CLANG_WARN_COMMA = YES;
				CLANG_WARN_CONSTANT_CONVERSION = YES;
				CLANG_WARN_DEPRECATED_OBJC_IMPLEMENTATIONS = YES;
				CLANG_WARN_DIRECT_OBJC_ISA_USAGE = YES_ERROR;
				CLANG_WARN_DOCUMENTATION_COMMENTS = YES;
				CLANG_WARN_EMPTY_BODY = YES;
				CLANG_WARN_ENUM_CONVERSION = YES;
				CLANG_WARN_INFINITE_RECURSION = YES;
				CLANG_WARN_INT_CONVERSION = YES;
				CLANG_WARN_NON_LITERAL_NULL_CONVERSION = YES;
				CLANG_WARN_OBJC_IMPLICIT_RETAIN_SELF = YES;
				CLANG_WARN_OBJC_LITERAL_CONVERSION = YES;
				CLANG_WARN_OBJC_ROOT_CLASS = YES_ERROR;
				CLANG_WARN_QUOTED_INCLUDE_IN_FRAMEWORK_HEADER = YES;
				CLANG_WARN_RANGE_LOOP_ANALYSIS = YES;
				CLANG_WARN_STRICT_PROTOTYPES = YES;
				CLANG_WARN_SUSPICIOUS_MOVE = YES;
				CLANG_WARN_UNGUARDED_AVAILABILITY = YES_AGGRESSIVE;
				CLANG_WARN_UNREACHABLE_CODE = YES;
				CLANG_WARN__DUPLICATE_METHOD_MATCH = YES;
				COPY_PHASE_STRIP = NO;
				DEBUG_INFORMATION_FORMAT = "dwarf-with-dsym";
				ENABLE_NS_ASSERTIONS = NO;
				ENABLE_STRICT_OBJC_MSGSEND = YES;
				GCC_C_LANGUAGE_STANDARD = gnu11;
				GCC_NO_COMMON_BLOCKS = YES;
				GCC_WARN_64_TO_32_BIT_CONVERSION = YES;
				GCC_WARN_ABOUT_RETURN_TYPE = YES_ERROR;
				GCC_WARN_UNDECLARED_SELECTOR = YES;
				GCC_WARN_UNINITIALIZED_AUTOS = YES_AGGRESSIVE;
				GCC_WARN_UNUSED_FUNCTION = YES;
				GCC_WARN_UNUSED_VARIABLE = YES;
				MTL_ENABLE_DEBUG_INFO = NO;
				MTL_FAST_MATH = YES;
				SWIFT_COMPILATION_MODE = wholemodule;
				SWIFT_OPTIMIZATION_LEVEL = "-O";
			};
			name = "Release Develop";
		};
		813DCAC8277AFA8200468623 /* Release Develop */ = {
			isa = XCBuildConfiguration;
			buildSettings = {
				ALWAYS_EMBED_SWIFT_STANDARD_LIBRARIES = YES;
				ASSETCATALOG_COMPILER_APPICON_NAME = AppIcon;
				ASSETCATALOG_COMPILER_GLOBAL_ACCENT_COLOR_NAME = AccentColor;
				CODE_SIGN_STYLE = Automatic;
				CURRENT_PROJECT_VERSION = 1;
				DEVELOPMENT_TEAM = EXMYY8J9M4;
				ENABLE_PREVIEWS = YES;
				GENERATE_INFOPLIST_FILE = YES;
				INFOPLIST_KEY_UIApplicationSceneManifest_Generation = YES;
				INFOPLIST_KEY_UIApplicationSupportsIndirectInputEvents = YES;
				INFOPLIST_KEY_UILaunchScreen_Generation = YES;
				INFOPLIST_KEY_UISupportedInterfaceOrientations_iPad = "UIInterfaceOrientationPortrait UIInterfaceOrientationPortraitUpsideDown UIInterfaceOrientationLandscapeLeft UIInterfaceOrientationLandscapeRight";
				INFOPLIST_KEY_UISupportedInterfaceOrientations_iPhone = "UIInterfaceOrientationPortrait UIInterfaceOrientationLandscapeLeft UIInterfaceOrientationLandscapeRight";
				IPHONEOS_DEPLOYMENT_TARGET = 15.2;
				LD_RUNPATH_SEARCH_PATHS = (
					"$(inherited)",
					"@executable_path/Frameworks",
				);
				MARKETING_VERSION = 1.0;
				OTHER_SWIFT_FLAGS = "-DPROD";
				PRODUCT_BUNDLE_IDENTIFIER = hugaboom.Atis.dev;
				PRODUCT_NAME = "Atis Dev";
				SDKROOT = iphoneos;
				SWIFT_EMIT_LOC_STRINGS = YES;
				SWIFT_VERSION = 5.0;
				TARGETED_DEVICE_FAMILY = "1,2";
				VALIDATE_PRODUCT = YES;
			};
			name = "Release Develop";
		};
		813DCAC9277AFA8200468623 /* Release Develop */ = {
			isa = XCBuildConfiguration;
			buildSettings = {
				ASSETCATALOG_COMPILER_APPICON_NAME = AppIcon;
				ASSETCATALOG_COMPILER_GLOBAL_ACCENT_COLOR_NAME = AccentColor;
				CODE_SIGN_ENTITLEMENTS = macOS/macOS.entitlements;
				CODE_SIGN_STYLE = Automatic;
				COMBINE_HIDPI_IMAGES = YES;
				CURRENT_PROJECT_VERSION = 1;
				DEVELOPMENT_TEAM = EXMYY8J9M4;
				ENABLE_HARDENED_RUNTIME = YES;
				ENABLE_PREVIEWS = YES;
				GENERATE_INFOPLIST_FILE = YES;
				INFOPLIST_KEY_NSHumanReadableCopyright = "";
				LD_RUNPATH_SEARCH_PATHS = (
					"$(inherited)",
					"@executable_path/../Frameworks",
				);
				MACOSX_DEPLOYMENT_TARGET = 12.1;
				MARKETING_VERSION = 1.0;
				OTHER_SWIFT_FLAGS = "-DPROD";
				PRODUCT_BUNDLE_IDENTIFIER = hugaboom.Atis.dev;
				PRODUCT_NAME = "Atis Dev";
				SDKROOT = macosx;
				SWIFT_EMIT_LOC_STRINGS = YES;
				SWIFT_VERSION = 5.0;
			};
			name = "Release Develop";
		};
		813DCACA277AFA8200468623 /* Release Develop */ = {
			isa = XCBuildConfiguration;
			buildSettings = {
				ASSETCATALOG_COMPILER_GLOBAL_ACCENT_COLOR_NAME = AccentColor;
				ASSETCATALOG_COMPILER_WIDGET_BACKGROUND_COLOR_NAME = WidgetBackground;
				CODE_SIGN_STYLE = Automatic;
				CURRENT_PROJECT_VERSION = 1;
				DEVELOPMENT_TEAM = EXMYY8J9M4;
				GENERATE_INFOPLIST_FILE = YES;
				INFOPLIST_FILE = AtisWidget/Info.plist;
				INFOPLIST_KEY_CFBundleDisplayName = AtisWidget;
				INFOPLIST_KEY_NSHumanReadableCopyright = "";
				IPHONEOS_DEPLOYMENT_TARGET = 15.2;
				LD_RUNPATH_SEARCH_PATHS = (
					"$(inherited)",
					"@executable_path/Frameworks",
					"@executable_path/../../Frameworks",
				);
				MARKETING_VERSION = 1.0;
				OTHER_SWIFT_FLAGS = "-DPROD";
				PRODUCT_BUNDLE_IDENTIFIER = hugaboom.Atis.AtisWidget.dev;
				PRODUCT_NAME = "$(TARGET_NAME) Dev";
				SDKROOT = iphoneos;
				SKIP_INSTALL = YES;
				SWIFT_EMIT_LOC_STRINGS = YES;
				SWIFT_VERSION = 5.0;
				TARGETED_DEVICE_FAMILY = "1,2";
				VALIDATE_PRODUCT = YES;
			};
			name = "Release Develop";
		};
/* End XCBuildConfiguration section */

/* Begin XCConfigurationList section */
		813DCA7027783ECC00468623 /* Build configuration list for PBXProject "Atis" */ = {
			isa = XCConfigurationList;
			buildConfigurations = (
				813DCA8827783ECD00468623 /* Debug Prod */,
				813DCAC3277AFA7E00468623 /* Debug Develop */,
				813DCA8927783ECD00468623 /* Release Prod */,
				813DCAC7277AFA8200468623 /* Release Develop */,
			);
			defaultConfigurationIsVisible = 0;
			defaultConfigurationName = "Release Prod";
		};
		813DCA8A27783ECD00468623 /* Build configuration list for PBXNativeTarget "Atis (iOS)" */ = {
			isa = XCConfigurationList;
			buildConfigurations = (
				813DCA8B27783ECD00468623 /* Debug Prod */,
				813DCAC4277AFA7E00468623 /* Debug Develop */,
				813DCA8C27783ECD00468623 /* Release Prod */,
				813DCAC8277AFA8200468623 /* Release Develop */,
			);
			defaultConfigurationIsVisible = 0;
			defaultConfigurationName = "Release Prod";
		};
		813DCA8D27783ECD00468623 /* Build configuration list for PBXNativeTarget "Atis (macOS)" */ = {
			isa = XCConfigurationList;
			buildConfigurations = (
				813DCA8E27783ECD00468623 /* Debug Prod */,
				813DCAC5277AFA7E00468623 /* Debug Develop */,
				813DCA8F27783ECD00468623 /* Release Prod */,
				813DCAC9277AFA8200468623 /* Release Develop */,
			);
			defaultConfigurationIsVisible = 0;
			defaultConfigurationName = "Release Prod";
		};
		813DCAA627783F1600468623 /* Build configuration list for PBXNativeTarget "AtisWidgetExtension" */ = {
			isa = XCConfigurationList;
			buildConfigurations = (
				813DCAA727783F1600468623 /* Debug Prod */,
				813DCAC6277AFA7E00468623 /* Debug Develop */,
				813DCAA827783F1600468623 /* Release Prod */,
				813DCACA277AFA8200468623 /* Release Develop */,
			);
			defaultConfigurationIsVisible = 0;
			defaultConfigurationName = "Release Prod";
		};
/* End XCConfigurationList section */
	};
	rootObject = 813DCA6D27783ECC00468623 /* Project object */;
}
